// !$*UTF8*$!
{
	archiveVersion = 1;
	classes = {
	};
	objectVersion = 46;
	objects = {

/* Begin PBXBuildFile section */
		D9C0C6051C38916B00A3D529 /* AppDelegate.swift in Sources */ = {isa = PBXBuildFile; fileRef = D9C0C6041C38916B00A3D529 /* AppDelegate.swift */; };
		D9C0C6071C38916B00A3D529 /* ViewController.swift in Sources */ = {isa = PBXBuildFile; fileRef = D9C0C6061C38916B00A3D529 /* ViewController.swift */; };
		D9C0C60A1C38916B00A3D529 /* Main.storyboard in Resources */ = {isa = PBXBuildFile; fileRef = D9C0C6081C38916B00A3D529 /* Main.storyboard */; };
		D9C0C60C1C38916B00A3D529 /* Assets.xcassets in Resources */ = {isa = PBXBuildFile; fileRef = D9C0C60B1C38916B00A3D529 /* Assets.xcassets */; };
		D9C0C60F1C38916B00A3D529 /* LaunchScreen.storyboard in Resources */ = {isa = PBXBuildFile; fileRef = D9C0C60D1C38916B00A3D529 /* LaunchScreen.storyboard */; };
/* End PBXBuildFile section */

/* Begin PBXFileReference section */
		D9C0C6011C38916B00A3D529 /* MacStatus.app */ = {isa = PBXFileReference; explicitFileType = wrapper.application; includeInIndex = 0; path = MacStatus.app; sourceTree = BUILT_PRODUCTS_DIR; };
		D9C0C6041C38916B00A3D529 /* AppDelegate.swift */ = {isa = PBXFileReference; lastKnownFileType = sourcecode.swift; path = AppDelegate.swift; sourceTree = "<group>"; };
		D9C0C6061C38916B00A3D529 /* ViewController.swift */ = {isa = PBXFileReference; lastKnownFileType = sourcecode.swift; path = ViewController.swift; sourceTree = "<group>"; };
		D9C0C6091C38916B00A3D529 /* Base */ = {isa = PBXFileReference; lastKnownFileType = file.storyboard; name = Base; path = Base.lproj/Main.storyboard; sourceTree = "<group>"; };
		D9C0C60B1C38916B00A3D529 /* Assets.xcassets */ = {isa = PBXFileReference; lastKnownFileType = folder.assetcatalog; path = Assets.xcassets; sourceTree = "<group>"; };
		D9C0C60E1C38916B00A3D529 /* Base */ = {isa = PBXFileReference; lastKnownFileType = file.storyboard; name = Base; path = Base.lproj/LaunchScreen.storyboard; sourceTree = "<group>"; };
		D9C0C6101C38916B00A3D529 /* Info.plist */ = {isa = PBXFileReference; lastKnownFileType = text.plist.xml; path = Info.plist; sourceTree = "<group>"; };
/* End PBXFileReference section */

/* Begin PBXFrameworksBuildPhase section */
		D9C0C5FE1C38916B00A3D529 /* Frameworks */ = {
			isa = PBXFrameworksBuildPhase;
			buildActionMask = 2147483647;
			files = (
			);
			runOnlyForDeploymentPostprocessing = 0;
		};
/* End PBXFrameworksBuildPhase section */

/* Begin PBXGroup section */
		D9C0C5F81C38916B00A3D529 = {
			isa = PBXGroup;
			children = (
				D9C0C6031C38916B00A3D529 /* MacStatus */,
				D9C0C6021C38916B00A3D529 /* Products */,
			);
			sourceTree = "<group>";
		};
		D9C0C6021C38916B00A3D529 /* Products */ = {
			isa = PBXGroup;
			children = (
				D9C0C6011C38916B00A3D529 /* MacStatus.app */,
			);
			name = Products;
			sourceTree = "<group>";
		};
		D9C0C6031C38916B00A3D529 /* MacStatus */ = {
			isa = PBXGroup;
			children = (
				D9C0C6041C38916B00A3D529 /* AppDelegate.swift */,
				D9C0C6061C38916B00A3D529 /* ViewController.swift */,
				D9C0C6081C38916B00A3D529 /* Main.storyboard */,
				D9C0C60B1C38916B00A3D529 /* Assets.xcassets */,
				D9C0C60D1C38916B00A3D529 /* LaunchScreen.storyboard */,
				D9C0C6101C38916B00A3D529 /* Info.plist */,
			);
			path = MacStatus;
			sourceTree = "<group>";
		};
/* End PBXGroup section */

/* Begin PBXNativeTarget section */
		D9C0C6001C38916B00A3D529 /* MacStatus */ = {
			isa = PBXNativeTarget;
			buildConfigurationList = D9C0C6131C38916B00A3D529 /* Build configuration list for PBXNativeTarget "MacStatus" */;
			buildPhases = (
				D9C0C5FD1C38916B00A3D529 /* Sources */,
				D9C0C5FE1C38916B00A3D529 /* Frameworks */,
				D9C0C5FF1C38916B00A3D529 /* Resources */,
			);
			buildRules = (
			);
			dependencies = (
			);
			name = MacStatus;
			productName = MacStatus;
			productReference = D9C0C6011C38916B00A3D529 /* MacStatus.app */;
			productType = "com.apple.product-type.application";
		};
/* End PBXNativeTarget section */

/* Begin PBXProject section */
		D9C0C5F91C38916B00A3D529 /* Project object */ = {
			isa = PBXProject;
			attributes = {
				LastSwiftUpdateCheck = 0720;
				LastUpgradeCheck = 0720;
				ORGANIZATIONNAME = "Matt Blessed";
				TargetAttributes = {
					D9C0C6001C38916B00A3D529 = {
						CreatedOnToolsVersion = 7.2;
						DevelopmentTeam = L88FMNUJ5E;
						SystemCapabilities = {
							com.apple.Push = {
								enabled = 1;
							};
						};
					};
				};
			};
			buildConfigurationList = D9C0C5FC1C38916B00A3D529 /* Build configuration list for PBXProject "MacStatus" */;
			compatibilityVersion = "Xcode 3.2";
			developmentRegion = English;
			hasScannedForEncodings = 0;
			knownRegions = (
				en,
				Base,
			);
			mainGroup = D9C0C5F81C38916B00A3D529;
			productRefGroup = D9C0C6021C38916B00A3D529 /* Products */;
			projectDirPath = "";
			projectRoot = "";
			targets = (
				D9C0C6001C38916B00A3D529 /* MacStatus */,
			);
		};
/* End PBXProject section */

/* Begin PBXResourcesBuildPhase section */
		D9C0C5FF1C38916B00A3D529 /* Resources */ = {
			isa = PBXResourcesBuildPhase;
			buildActionMask = 2147483647;
			files = (
				D9C0C60F1C38916B00A3D529 /* LaunchScreen.storyboard in Resources */,
				D9C0C60C1C38916B00A3D529 /* Assets.xcassets in Resources */,
				D9C0C60A1C38916B00A3D529 /* Main.storyboard in Resources */,
			);
			runOnlyForDeploymentPostprocessing = 0;
		};
/* End PBXResourcesBuildPhase section */

/* Begin PBXSourcesBuildPhase section */
		D9C0C5FD1C38916B00A3D529 /* Sources */ = {
			isa = PBXSourcesBuildPhase;
			buildActionMask = 2147483647;
			files = (
				D9C0C6071C38916B00A3D529 /* ViewController.swift in Sources */,
				D9C0C6051C38916B00A3D529 /* AppDelegate.swift in Sources */,
			);
			runOnlyForDeploymentPostprocessing = 0;
		};
/* End PBXSourcesBuildPhase section */

/* Begin PBXVariantGroup section */
		D9C0C6081C38916B00A3D529 /* Main.storyboard */ = {
			isa = PBXVariantGroup;
			children = (
				D9C0C6091C38916B00A3D529 /* Base */,
			);
			name = Main.storyboard;
			sourceTree = "<group>";
		};
		D9C0C60D1C38916B00A3D529 /* LaunchScreen.storyboard */ = {
			isa = PBXVariantGroup;
			children = (
				D9C0C60E1C38916B00A3D529 /* Base */,
			);
			name = LaunchScreen.storyboard;
			sourceTree = "<group>";
		};
/* End PBXVariantGroup section */

/* Begin XCBuildConfiguration section */
		D9C0C6111C38916B00A3D529 /* Debug */ = {
			isa = XCBuildConfiguration;
			buildSettings = {
				ALWAYS_SEARCH_USER_PATHS = NO;
				CLANG_CXX_LANGUAGE_STANDARD = "gnu++0x";
				CLANG_CXX_LIBRARY = "libc++";
				CLANG_ENABLE_MODULES = YES;
				CLANG_ENABLE_OBJC_ARC = YES;
				CLANG_WARN_BOOL_CONVERSION = YES;
				CLANG_WARN_CONSTANT_CONVERSION = YES;
				CLANG_WARN_DIRECT_OBJC_ISA_USAGE = YES_ERROR;
				CLANG_WARN_EMPTY_BODY = YES;
				CLANG_WARN_ENUM_CONVERSION = YES;
				CLANG_WARN_INT_CONVERSION = YES;
				CLANG_WARN_OBJC_ROOT_CLASS = YES_ERROR;
				CLANG_WARN_UNREACHABLE_CODE = YES;
				CLANG_WARN__DUPLICATE_METHOD_MATCH = YES;
				"CODE_SIGN_IDENTITY[sdk=iphoneos*]" = "iPhone Developer";
				COPY_PHASE_STRIP = NO;
				DEBUG_INFORMATION_FORMAT = dwarf;
				ENABLE_STRICT_OBJC_MSGSEND = YES;
				ENABLE_TESTABILITY = YES;
				GCC_C_LANGUAGE_STANDARD = gnu99;
				GCC_DYNAMIC_NO_PIC = NO;
				GCC_NO_COMMON_BLOCKS = YES;
				GCC_OPTIMIZATION_LEVEL = 0;
				GCC_PREPROCESSOR_DEFINITIONS = (
					"DEBUG=1",
					"$(inherited)",
				);
				GCC_WARN_64_TO_32_BIT_CONVERSION = YES;
				GCC_WARN_ABOUT_RETURN_TYPE = YES_ERROR;
				GCC_WARN_UNDECLARED_SELECTOR = YES;
				GCC_WARN_UNINITIALIZED_AUTOS = YES_AGGRESSIVE;
				GCC_WARN_UNUSED_FUNCTION = YES;
				GCC_WARN_UNUSED_VARIABLE = YES;
				IPHONEOS_DEPLOYMENT_TARGET = 9.2;
				MTL_ENABLE_DEBUG_INFO = YES;
				ONLY_ACTIVE_ARCH = YES;
				SDKROOT = iphoneos;
				SWIFT_OPTIMIZATION_LEVEL = "-Onone";
			};
			name = Debug;
		};
		D9C0C6121C38916B00A3D529 /* Release */ = {
			isa = XCBuildConfiguration;
			buildSettings = {
				ALWAYS_SEARCH_USER_PATHS = NO;
				CLANG_CXX_LANGUAGE_STANDARD = "gnu++0x";
				CLANG_CXX_LIBRARY = "libc++";
				CLANG_ENABLE_MODULES = YES;
				CLANG_ENABLE_OBJC_ARC = YES;
				CLANG_WARN_BOOL_CONVERSION = YES;
				CLANG_WARN_CONSTANT_CONVERSION = YES;
				CLANG_WARN_DIRECT_OBJC_ISA_USAGE = YES_ERROR;
				CLANG_WARN_EMPTY_BODY = YES;
				CLANG_WARN_ENUM_CONVERSION = YES;
				CLANG_WARN_INT_CONVERSION = YES;
				CLANG_WARN_OBJC_ROOT_CLASS = YES_ERROR;
				CLANG_WARN_UNREACHABLE_CODE = YES;
				CLANG_WARN__DUPLICATE_METHOD_MATCH = YES;
				"CODE_SIGN_IDENTITY[sdk=iphoneos*]" = "iPhone Developer";
				COPY_PHASE_STRIP = NO;
				DEBUG_INFORMATION_FORMAT = "dwarf-with-dsym";
				ENABLE_NS_ASSERTIONS = NO;
				ENABLE_STRICT_OBJC_MSGSEND = YES;
				GCC_C_LANGUAGE_STANDARD = gnu99;
				GCC_NO_COMMON_BLOCKS = YES;
				GCC_WARN_64_TO_32_BIT_CONVERSION = YES;
				GCC_WARN_ABOUT_RETURN_TYPE = YES_ERROR;
				GCC_WARN_UNDECLARED_SELECTOR = YES;
				GCC_WARN_UNINITIALIZED_AUTOS = YES_AGGRESSIVE;
				GCC_WARN_UNUSED_FUNCTION = YES;
				GCC_WARN_UNUSED_VARIABLE = YES;
				IPHONEOS_DEPLOYMENT_TARGET = 9.2;
				MTL_ENABLE_DEBUG_INFO = NO;
				SDKROOT = iphoneos;
				VALIDATE_PRODUCT = YES;
			};
			name = Release;
		};
		D9C0C6141C38916B00A3D529 /* Debug */ = {
			isa = XCBuildConfiguration;
			buildSettings = {
				ASSETCATALOG_COMPILER_APPICON_NAME = AppIcon;
				CODE_SIGN_IDENTITY = "iPhone Developer";
				"CODE_SIGN_IDENTITY[sdk=iphoneos*]" = "iPhone Developer";
				INFOPLIST_FILE = MacStatus/Info.plist;
				IPHONEOS_DEPLOYMENT_TARGET = 8.0;
				LD_RUNPATH_SEARCH_PATHS = "$(inherited) @executable_path/Frameworks";
				PRODUCT_BUNDLE_IDENTIFIER = com.mattblessed.MacStatus;
				PRODUCT_NAME = "$(TARGET_NAME)";
				PROVISIONING_PROFILE = "";
			};
			name = Debug;
		};
		D9C0C6151C38916B00A3D529 /* Release */ = {
			isa = XCBuildConfiguration;
			buildSettings = {
				ASSETCATALOG_COMPILER_APPICON_NAME = AppIcon;
				CODE_SIGN_IDENTITY = "iPhone Developer";
				"CODE_SIGN_IDENTITY[sdk=iphoneos*]" = "iPhone Developer";
				INFOPLIST_FILE = MacStatus/Info.plist;
				IPHONEOS_DEPLOYMENT_TARGET = 8.0;
				LD_RUNPATH_SEARCH_PATHS = "$(inherited) @executable_path/Frameworks";
				PRODUCT_BUNDLE_IDENTIFIER = com.mattblessed.MacStatus;
				PRODUCT_NAME = "$(TARGET_NAME)";
				PROVISIONING_PROFILE = "";
			};
			name = Release;
		};
/* End XCBuildConfiguration section */

/* Begin XCConfigurationList section */
		D9C0C5FC1C38916B00A3D529 /* Build configuration list for PBXProject "MacStatus" */ = {
			isa = XCConfigurationList;
			buildConfigurations = (
				D9C0C6111C38916B00A3D529 /* Debug */,
				D9C0C6121C38916B00A3D529 /* Release */,
			);
			defaultConfigurationIsVisible = 0;
			defaultConfigurationName = Release;
		};
		D9C0C6131C38916B00A3D529 /* Build configuration list for PBXNativeTarget "MacStatus" */ = {
			isa = XCConfigurationList;
			buildConfigurations = (
				D9C0C6141C38916B00A3D529 /* Debug */,
				D9C0C6151C38916B00A3D529 /* Release */,
			);
			defaultConfigurationIsVisible = 0;
		};
/* End XCConfigurationList section */
	};
	rootObject = D9C0C5F91C38916B00A3D529 /* Project object */;
}
